<?xml version="1.0" encoding="utf-8"?>
<Project ToolsVersion="4.0" xmlns="http://schemas.microsoft.com/developer/msbuild/2003">
  <ItemGroup>
    <Filter Include="Source Files">
      <UniqueIdentifier>{4FC737F1-C7A5-4376-A066-2A32D752A2FF}</UniqueIdentifier>
      <Extensions>cpp;c;cc;cxx;def;odl;idl;hpj;bat;asm;asmx</Extensions>
    </Filter>
    <Filter Include="Header Files">
      <UniqueIdentifier>{93995380-89BD-4b04-88EB-625FBE52EBFB}</UniqueIdentifier>
      <Extensions>h;hh;hpp;hxx;hm;inl;inc;xsd</Extensions>
    </Filter>
    <Filter Include="Resource Files">
      <UniqueIdentifier>{67DA6AB6-F800-4c08-8B7A-83BB121AAD01}</UniqueIdentifier>
      <Extensions>rc;ico;cur;bmp;dlg;rc2;rct;bin;rgs;gif;jpg;jpeg;jpe;resx;tiff;tif;png;wav;mfcribbon-ms</Extensions>
    </Filter>
  </ItemGroup>
  <ItemGroup>
    <ClCompile Include="common\DebugUtil.cpp">
      <Filter>Source Files</Filter>
    </ClCompile>
    <ClCompile Include="common\Log.cpp">
      <Filter>Source Files</Filter>
    </ClCompile>
    <ClCompile Include="common\StereoUtil.cpp">
      <Filter>Source Files</Filter>
    </ClCompile>
    <ClCompile Include="common\WinMessage.cpp">
      <Filter>Source Files</Filter>
    </ClCompile>
    <ClCompile Include="opengl\OpenGLProc.cpp">
      <Filter>Source Files</Filter>
    </ClCompile>
    <ClCompile Include="common\GLWindow.cpp">
      <Filter>Source Files</Filter>
    </ClCompile>
    <ClCompile Include="common\NtCreateThreadEx.cpp">
      <Filter>Source Files</Filter>
    </ClCompile>
    <ClCompile Include="main.cpp">
      <Filter>Source Files</Filter>
    </ClCompile>
    <ClCompile Include="extern\mhook-2.3\mhook-lib\mhook.cpp">
      <Filter>Source Files</Filter>
    </ClCompile>
    <ClCompile Include="extern\mhook-2.3\disasm-lib\cpu.c">
      <Filter>Source Files</Filter>
    </ClCompile>
    <ClCompile Include="extern\mhook-2.3\disasm-lib\disasm.c">
      <Filter>Source Files</Filter>
    </ClCompile>
    <ClCompile Include="extern\mhook-2.3\disasm-lib\disasm_x86.c">
      <Filter>Source Files</Filter>
    </ClCompile>
    <ClCompile Include="extern\mhook-2.3\disasm-lib\misc.c">
      <Filter>Source Files</Filter>
    </ClCompile>
    <ClCompile Include="opengl\Extensions.cpp">
      <Filter>Source Files</Filter>
    </ClCompile>
    <ClCompile Include="..\system\Event.cpp">
      <Filter>Source Files</Filter>
    </ClCompile>
  </ItemGroup>
  <ItemGroup>
    <ClInclude Include="common\DebugUtil.h">
      <Filter>Header Files</Filter>
    </ClInclude>
    <ClInclude Include="common\Log.h">
      <Filter>Header Files</Filter>
    </ClInclude>
    <ClInclude Include="common\StereoUtil.h">
      <Filter>Header Files</Filter>
    </ClInclude>
    <ClInclude Include="common\WinMessage.h">
      <Filter>Header Files</Filter>
    </ClInclude>
    <ClInclude Include="opengl\OpenGLProc.h">
      <Filter>Header Files</Filter>
    </ClInclude>
    <ClInclude Include="common\GLWindow.h">
      <Filter>Header Files</Filter>
    </ClInclude>
    <ClInclude Include="common\NtCreateThreadEx.h">
      <Filter>Header Files</Filter>
    </ClInclude>
    <ClInclude Include="extern\mhook-2.3\mhook-lib\mhook.h">
      <Filter>Header Files</Filter>
    </ClInclude>
    <ClInclude Include="extern\mhook-2.3\disasm-lib\cpu.h">
      <Filter>Header Files</Filter>
    </ClInclude>
    <ClInclude Include="extern\mhook-2.3\disasm-lib\disasm.h">
      <Filter>Header Files</Filter>
    </ClInclude>
    <ClInclude Include="extern\mhook-2.3\disasm-lib\disasm_x86.h">
      <Filter>Header Files</Filter>
    </ClInclude>
    <ClInclude Include="extern\mhook-2.3\disasm-lib\disasm_x86_tables.h">
      <Filter>Header Files</Filter>
    </ClInclude>
    <ClInclude Include="extern\mhook-2.3\disasm-lib\misc.h">
      <Filter>Header Files</Filter>
    </ClInclude>
    <ClInclude Include="opengl\Extensions.h">
      <Filter>Header Files</Filter>
    </ClInclude>
    <ClInclude Include="opengl\Target.h">
      <Filter>Header Files</Filter>
    </ClInclude>
    <ClInclude Include="..\system\Event.h">
      <Filter>Header Files</Filter>
    </ClInclude>
  </ItemGroup>
</Project>